
Microsoft Visual Studio Solution File, Format Version 12.00
# Visual Studio 15
VisualStudioVersion = 15.0.26430.13
MinimumVisualStudioVersion = 10.0.40219.1
Project("{9A19103F-16F7-4668-BE54-9A1E7A4F7556}") = "DAL", "DAL\DAL.csproj", "{B997671B-4168-41AC-B924-D28887F9DFF1}"
EndProject
Project("{9A19103F-16F7-4668-BE54-9A1E7A4F7556}") = "BLL", "BLL\BLL.csproj", "{A7C31332-9FDD-4D0C-9CF3-E3FA6431AE1B}"
EndProject
Project("{9A19103F-16F7-4668-BE54-9A1E7A4F7556}") = "MODEL", "MODEL\MODEL.csproj", "{5442D2A9-E0C2-4601-9407-FB3BA2F0D093}"
EndProject
Project("{9A19103F-16F7-4668-BE54-9A1E7A4F7556}") = "COMMON", "COMMON\COMMON.csproj", "{A429D09F-3CD0-4AFC-BF8A-30FA2A826715}"
EndProject
Project("{FAE04EC0-301F-11D3-BF4B-00C04F79EFBC}") = "UI", "UI\UI.csproj", "{88390123-B60F-4317-926C-C8281DC8BB63}"
EndProject
Global
	GlobalSection(SolutionConfigurationPlatforms) = preSolution
		Debug|Any CPU = Debug|Any CPU
		Release|Any CPU = Release|Any CPU
	EndGlobalSection
	GlobalSection(ProjectConfigurationPlatforms) = postSolution
		{B997671B-4168-41AC-B924-D28887F9DFF1}.Debug|Any CPU.ActiveCfg = Debug|Any CPU
		{B997671B-4168-41AC-B924-D28887F9DFF1}.Debug|Any CPU.Build.0 = Debug|Any CPU
		{B997671B-4168-41AC-B924-D28887F9DFF1}.Release|Any CPU.ActiveCfg = Release|Any CPU
		{B997671B-4168-41AC-B924-D28887F9DFF1}.Release|Any CPU.Build.0 = Release|Any CPU
		{A7C31332-9FDD-4D0C-9CF3-E3FA6431AE1B}.Debug|Any CPU.ActiveCfg = Debug|Any CPU
		{A7C31332-9FDD-4D0C-9CF3-E3FA6431AE1B}.Debug|Any CPU.Build.0 = Debug|Any CPU
		{A7C31332-9FDD-4D0C-9CF3-E3FA6431AE1B}.Release|Any CPU.ActiveCfg = Release|Any CPU
		{A7C31332-9FDD-4D0C-9CF3-E3FA6431AE1B}.Release|Any CPU.Build.0 = Release|Any CPU
		{5442D2A9-E0C2-4601-9407-FB3BA2F0D093}.Debug|Any CPU.ActiveCfg = Debug|Any CPU
		{5442D2A9-E0C2-4601-9407-FB3BA2F0D093}.Debug|Any CPU.Build.0 = Debug|Any CPU
		{5442D2A9-E0C2-4601-9407-FB3BA2F0D093}.Release|Any CPU.ActiveCfg = Release|Any CPU
		{5442D2A9-E0C2-4601-9407-FB3BA2F0D093}.Release|Any CPU.Build.0 = Release|Any CPU
		{A429D09F-3CD0-4AFC-BF8A-30FA2A826715}.Debug|Any CPU.ActiveCfg = Debug|Any CPU
		{A429D09F-3CD0-4AFC-BF8A-30FA2A826715}.Debug|Any CPU.Build.0 = Debug|Any CPU
		{A429D09F-3CD0-4AFC-BF8A-30FA2A826715}.Release|Any CPU.ActiveCfg = Release|Any CPU
		{A429D09F-3CD0-4AFC-BF8A-30FA2A826715}.Release|Any CPU.Build.0 = Release|Any CPU
		{88390123-B60F-4317-926C-C8281DC8BB63}.Debug|Any CPU.ActiveCfg = Debug|Any CPU
		{88390123-B60F-4317-926C-C8281DC8BB63}.Debug|Any CPU.Build.0 = Debug|Any CPU
		{88390123-B60F-4317-926C-C8281DC8BB63}.Release|Any CPU.ActiveCfg = Release|Any CPU
		{88390123-B60F-4317-926C-C8281DC8BB63}.Release|Any CPU.Build.0 = Release|Any CPU
	EndGlobalSection
	GlobalSection(SolutionProperties) = preSolution
		HideSolutionNode = FALSE
	EndGlobalSection
EndGlobal
